
Microsoft Visual Studio Solution File, Format Version 12.00
# Visual Studio Version 17
VisualStudioVersion = 17.3.32929.385
MinimumVisualStudioVersion = 10.0.40219.1
Project("{FAE04EC0-301F-11D3-BF4B-00C04F79EFBC}") = "ConsumoEnergia", "ConsumoEnergia\ConsumoEnergia.csproj", "{AF00DCDC-FD41-45AE-871A-004FA42DD007}"
EndProject
Global
	GlobalSection(SolutionConfigurationPlatforms) = preSolution
		Debug|Any CPU = Debug|Any CPU
		Release|Any CPU = Release|Any CPU
	EndGlobalSection
	GlobalSection(ProjectConfigurationPlatforms) = postSolution
		{AF00DCDC-FD41-45AE-871A-004FA42DD007}.Debug|Any CPU.ActiveCfg = Debug|Any CPU
		{AF00DCDC-FD41-45AE-871A-004FA42DD007}.Debug|Any CPU.Build.0 = Debug|Any CPU
		{AF00DCDC-FD41-45AE-871A-004FA42DD007}.Release|Any CPU.ActiveCfg = Release|Any CPU
		{AF00DCDC-FD41-45AE-871A-004FA42DD007}.Release|Any CPU.Build.0 = Release|Any CPU
	EndGlobalSection
	GlobalSection(SolutionProperties) = preSolution
		HideSolutionNode = FALSE
	EndGlobalSection
	GlobalSection(ExtensibilityGlobals) = postSolution
		SolutionGuid = {D36DD92D-B9C4-408F-9CD9-20919CB6EA0C}
	EndGlobalSection
EndGlobal
