
Microsoft Visual Studio Solution File, Format Version 12.00
# Visual Studio Version 17
VisualStudioVersion = 17.3.32929.385
MinimumVisualStudioVersion = 10.0.40219.1
Project("{FAE04EC0-301F-11D3-BF4B-00C04F79EFBC}") = "CabeçaGado", "CabeçaGado\CabeçaGado.csproj", "{51D9923A-3047-41B6-A7AB-5C1A1A12C53C}"
EndProject
Global
	GlobalSection(SolutionConfigurationPlatforms) = preSolution
		Debug|Any CPU = Debug|Any CPU
		Release|Any CPU = Release|Any CPU
	EndGlobalSection
	GlobalSection(ProjectConfigurationPlatforms) = postSolution
		{51D9923A-3047-41B6-A7AB-5C1A1A12C53C}.Debug|Any CPU.ActiveCfg = Debug|Any CPU
		{51D9923A-3047-41B6-A7AB-5C1A1A12C53C}.Debug|Any CPU.Build.0 = Debug|Any CPU
		{51D9923A-3047-41B6-A7AB-5C1A1A12C53C}.Release|Any CPU.ActiveCfg = Release|Any CPU
		{51D9923A-3047-41B6-A7AB-5C1A1A12C53C}.Release|Any CPU.Build.0 = Release|Any CPU
	EndGlobalSection
	GlobalSection(SolutionProperties) = preSolution
		HideSolutionNode = FALSE
	EndGlobalSection
	GlobalSection(ExtensibilityGlobals) = postSolution
		SolutionGuid = {C73A3024-18A9-4884-9A4D-C27DD7C659AE}
	EndGlobalSection
EndGlobal
